{
  "name": "example-basic",
  "version": "0.1.0",
  "lockfileVersion": 3,
  "requires": true,
  "packages": {
    "": {
      "name": "example-basic",
      "version": "0.1.0",
      "dependencies": {
        "bcli": "file:../.."
      }
    },
    "../..": {
      "name": "bcli",
      "version": "0.1.0",
      "dependencies": {
        "chalk": "^5.3.0",
        "cli-spinners": "^3.1.0",
        "cli-table3": "^0.6.5",
        "iconv-lite": "^0.6.3"
      },
      "bin": {
        "bcli": "dist/cli.js",
        "create-bcli-app": "dist/create-bcli-app.js"
      },
      "devDependencies": {
        "@types/cli-table": "^0.3.4",
        "@types/node": "^20.14.0",
        "tsup": "^8.1.0",
        "typescript": "^5.5.0",
        "vitest": "^2.0.0"
      },
      "engines": {
        "node": ">=18"
      }
    },
    "node_modules/bcli": {
      "resolved": "../..",
      "link": true
    }
  }
}
